
Microsoft Visual Studio Solution File, Format Version 12.00
# Visual Studio Version 16
VisualStudioVersion = 16.0.29519.87
MinimumVisualStudioVersion = 10.0.40219.1
Project("{FAE04EC0-301F-11D3-BF4B-00C04F79EFBC}") = "AdventOfCode2019", "AdventOfCode2019\AdventOfCode2019.csproj", "{301029BB-6F5D-4A81-B169-62A17D3AE106}"
EndProject
Global
	GlobalSection(SolutionConfigurationPlatforms) = preSolution
		Debug|Any CPU = Debug|Any CPU
		Release|Any CPU = Release|Any CPU
	EndGlobalSection
	GlobalSection(ProjectConfigurationPlatforms) = postSolution
		{301029BB-6F5D-4A81-B169-62A17D3AE106}.Debug|Any CPU.ActiveCfg = Debug|Any CPU
		{301029BB-6F5D-4A81-B169-62A17D3AE106}.Debug|Any CPU.Build.0 = Debug|Any CPU
		{301029BB-6F5D-4A81-B169-62A17D3AE106}.Release|Any CPU.ActiveCfg = Release|Any CPU
		{301029BB-6F5D-4A81-B169-62A17D3AE106}.Release|Any CPU.Build.0 = Release|Any CPU
	EndGlobalSection
	GlobalSection(SolutionProperties) = preSolution
		HideSolutionNode = FALSE
	EndGlobalSection
	GlobalSection(ExtensibilityGlobals) = postSolution
		SolutionGuid = {5CA1E561-3A9B-415C-8761-F49153510265}
	EndGlobalSection
EndGlobal
